dependencies:
- name: redis
  repository: https://charts.bitnami.com/bitnami
  version: 17.11.3
- name: postgresql
  repository: https://charts.bitnami.com/bitnami
  version: 12.5.7
- name: kafka
  repository: https://charts.bitnami.com/bitnami
  version: 22.1.5
digest: sha256:7997d2d47739089bc476bd6804ae8d296874e89bb939f2bdcb3c845e482cc148
generated: "2023-06-24T11:48:22.094026+01:00"
