dependencies:
- name: redis
  repository: https://charts.bitnami.com/bitnami
  version: 17.11.3
- name: postgresql
  repository: https://charts.bitnami.com/bitnami
  version: 12.5.7
- name: kafka
  repository: https://charts.bitnami.com/bitnami
  version: 22.1.5
- name: nginx-ingress-controller
  repository: https://charts.bitnami.com/bitnami
  version: 9.7.2
digest: sha256:f90c07126f23a134a51b1cc914b4594f438c4715143d85037c4745696be5c1da
generated: "2023-06-17T16:03:23.593224+01:00"
